// !$*UTF8*$!
{
	archiveVersion = 1;
	classes = {
	};
	objectVersion = 48;
	objects = {

/* Begin PBXBuildFile section */
		048CC8812064C1E600D3C6D9 /* AppDelegate.swift in Sources */ = {isa = PBXBuildFile; fileRef = 048CC8802064C1E600D3C6D9 /* AppDelegate.swift */; };
		048CC8832064C1E600D3C6D9 /* ViewController.swift in Sources */ = {isa = PBXBuildFile; fileRef = 048CC8822064C1E600D3C6D9 /* ViewController.swift */; };
		048CC8862064C1E700D3C6D9 /* Main.storyboard in Resources */ = {isa = PBXBuildFile; fileRef = 048CC8842064C1E700D3C6D9 /* Main.storyboard */; };
		048CC8882064C1E700D3C6D9 /* Assets.xcassets in Resources */ = {isa = PBXBuildFile; fileRef = 048CC8872064C1E700D3C6D9 /* Assets.xcassets */; };
		048CC88B2064C1E700D3C6D9 /* LaunchScreen.storyboard in Resources */ = {isa = PBXBuildFile; fileRef = 048CC8892064C1E700D3C6D9 /* LaunchScreen.storyboard */; };
		048CC8932068302B00D3C6D9 /* AboutViewController.swift in Sources */ = {isa = PBXBuildFile; fileRef = 048CC8922068302A00D3C6D9 /* AboutViewController.swift */; };
		048CC8952069D78700D3C6D9 /* BullsEye.html in Resources */ = {isa = PBXBuildFile; fileRef = 048CC8942069D78600D3C6D9 /* BullsEye.html */; };
/* End PBXBuildFile section */

/* Begin PBXFileReference section */
		048CC87D2064C1E600D3C6D9 /* BullEyeGame.app */ = {isa = PBXFileReference; explicitFileType = wrapper.application; includeInIndex = 0; path = BullEyeGame.app; sourceTree = BUILT_PRODUCTS_DIR; };
		048CC8802064C1E600D3C6D9 /* AppDelegate.swift */ = {isa = PBXFileReference; lastKnownFileType = sourcecode.swift; path = AppDelegate.swift; sourceTree = "<group>"; };
		048CC8822064C1E600D3C6D9 /* ViewController.swift */ = {isa = PBXFileReference; lastKnownFileType = sourcecode.swift; path = ViewController.swift; sourceTree = "<group>"; };
		048CC8852064C1E700D3C6D9 /* Base */ = {isa = PBXFileReference; lastKnownFileType = file.storyboard; name = Base; path = Base.lproj/Main.storyboard; sourceTree = "<group>"; };
		048CC8872064C1E700D3C6D9 /* Assets.xcassets */ = {isa = PBXFileReference; lastKnownFileType = folder.assetcatalog; path = Assets.xcassets; sourceTree = "<group>"; };
		048CC88A2064C1E700D3C6D9 /* Base */ = {isa = PBXFileReference; lastKnownFileType = file.storyboard; name = Base; path = Base.lproj/LaunchScreen.storyboard; sourceTree = "<group>"; };
		048CC88C2064C1E700D3C6D9 /* Info.plist */ = {isa = PBXFileReference; lastKnownFileType = text.plist.xml; path = Info.plist; sourceTree = "<group>"; };
		048CC8922068302A00D3C6D9 /* AboutViewController.swift */ = {isa = PBXFileReference; lastKnownFileType = sourcecode.swift; path = AboutViewController.swift; sourceTree = "<group>"; };
		048CC8942069D78600D3C6D9 /* BullsEye.html */ = {isa = PBXFileReference; fileEncoding = 4; lastKnownFileType = text.html; path = BullsEye.html; sourceTree = "<group>"; };
/* End PBXFileReference section */

/* Begin PBXFrameworksBuildPhase section */
		048CC87A2064C1E600D3C6D9 /* Frameworks */ = {
			isa = PBXFrameworksBuildPhase;
			buildActionMask = 2147483647;
			files = (
			);
			runOnlyForDeploymentPostprocessing = 0;
		};
/* End PBXFrameworksBuildPhase section */

/* Begin PBXGroup section */
		048CC8742064C1E500D3C6D9 = {
			isa = PBXGroup;
			children = (
				048CC87F2064C1E600D3C6D9 /* BullEyeGame */,
				048CC87E2064C1E600D3C6D9 /* Products */,
			);
			sourceTree = "<group>";
		};
		048CC87E2064C1E600D3C6D9 /* Products */ = {
			isa = PBXGroup;
			children = (
				048CC87D2064C1E600D3C6D9 /* BullEyeGame.app */,
			);
			name = Products;
			sourceTree = "<group>";
		};
		048CC87F2064C1E600D3C6D9 /* BullEyeGame */ = {
			isa = PBXGroup;
			children = (
				048CC8942069D78600D3C6D9 /* BullsEye.html */,
				048CC8802064C1E600D3C6D9 /* AppDelegate.swift */,
				048CC8822064C1E600D3C6D9 /* ViewController.swift */,
				048CC8922068302A00D3C6D9 /* AboutViewController.swift */,
				048CC8842064C1E700D3C6D9 /* Main.storyboard */,
				048CC8872064C1E700D3C6D9 /* Assets.xcassets */,
				048CC8892064C1E700D3C6D9 /* LaunchScreen.storyboard */,
				048CC88C2064C1E700D3C6D9 /* Info.plist */,
			);
			path = BullEyeGame;
			sourceTree = "<group>";
		};
/* End PBXGroup section */

/* Begin PBXNativeTarget section */
		048CC87C2064C1E600D3C6D9 /* BullEyeGame */ = {
			isa = PBXNativeTarget;
			buildConfigurationList = 048CC88F2064C1E700D3C6D9 /* Build configuration list for PBXNativeTarget "BullEyeGame" */;
			buildPhases = (
				048CC8792064C1E600D3C6D9 /* Sources */,
				048CC87A2064C1E600D3C6D9 /* Frameworks */,
				048CC87B2064C1E600D3C6D9 /* Resources */,
			);
			buildRules = (
			);
			dependencies = (
			);
			name = BullEyeGame;
			productName = BullEyeGame;
			productReference = 048CC87D2064C1E600D3C6D9 /* BullEyeGame.app */;
			productType = "com.apple.product-type.application";
		};
/* End PBXNativeTarget section */

/* Begin PBXProject section */
		048CC8752064C1E500D3C6D9 /* Project object */ = {
			isa = PBXProject;
			attributes = {
				LastSwiftUpdateCheck = 0920;
				LastUpgradeCheck = 0930;
				ORGANIZATIONNAME = CDS;
				TargetAttributes = {
					048CC87C2064C1E600D3C6D9 = {
						CreatedOnToolsVersion = 9.2;
						ProvisioningStyle = Automatic;
					};
				};
			};
			buildConfigurationList = 048CC8782064C1E500D3C6D9 /* Build configuration list for PBXProject "BullEyeGame" */;
			compatibilityVersion = "Xcode 8.0";
			developmentRegion = en;
			hasScannedForEncodings = 0;
			knownRegions = (
				en,
				Base,
			);
			mainGroup = 048CC8742064C1E500D3C6D9;
			productRefGroup = 048CC87E2064C1E600D3C6D9 /* Products */;
			projectDirPath = "";
			projectRoot = "";
			targets = (
				048CC87C2064C1E600D3C6D9 /* BullEyeGame */,
			);
		};
/* End PBXProject section */

/* Begin PBXResourcesBuildPhase section */
		048CC87B2064C1E600D3C6D9 /* Resources */ = {
			isa = PBXResourcesBuildPhase;
			buildActionMask = 2147483647;
			files = (
				048CC88B2064C1E700D3C6D9 /* LaunchScreen.storyboard in Resources */,
				048CC8952069D78700D3C6D9 /* BullsEye.html in Resources */,
				048CC8882064C1E700D3C6D9 /* Assets.xcassets in Resources */,
				048CC8862064C1E700D3C6D9 /* Main.storyboard in Resources */,
			);
			runOnlyForDeploymentPostprocessing = 0;
		};
/* End PBXResourcesBuildPhase section */

/* Begin PBXSourcesBuildPhase section */
		048CC8792064C1E600D3C6D9 /* Sources */ = {
			isa = PBXSourcesBuildPhase;
			buildActionMask = 2147483647;
			files = (
				048CC8932068302B00D3C6D9 /* AboutViewController.swift in Sources */,
				048CC8832064C1E600D3C6D9 /* ViewController.swift in Sources */,
				048CC8812064C1E600D3C6D9 /* AppDelegate.swift in Sources */,
			);
			runOnlyForDeploymentPostprocessing = 0;
		};
/* End PBXSourcesBuildPhase section */

/* Begin PBXVariantGroup section */
		048CC8842064C1E700D3C6D9 /* Main.storyboard */ = {
			isa = PBXVariantGroup;
			children = (
				048CC8852064C1E700D3C6D9 /* Base */,
			);
			name = Main.storyboard;
			sourceTree = "<group>";
		};
		048CC8892064C1E700D3C6D9 /* LaunchScreen.storyboard */ = {
			isa = PBXVariantGroup;
			children = (
				048CC88A2064C1E700D3C6D9 /* Base */,
			);
			name = LaunchScreen.storyboard;
			sourceTree = "<group>";
		};
/* End PBXVariantGroup section */

/* Begin XCBuildConfiguration section */
		048CC88D2064C1E700D3C6D9 /* Debug */ = {
			isa = XCBuildConfiguration;
			buildSettings = {
				ALWAYS_SEARCH_USER_PATHS = NO;
				CLANG_ANALYZER_NONNULL = YES;
				CLANG_ANALYZER_NUMBER_OBJECT_CONVERSION = YES_AGGRESSIVE;
				CLANG_CXX_LANGUAGE_STANDARD = "gnu++14";
				CLANG_CXX_LIBRARY = "libc++";
				CLANG_ENABLE_MODULES = YES;
				CLANG_ENABLE_OBJC_ARC = YES;
				CLANG_WARN_BLOCK_CAPTURE_AUTORELEASING = YES;
				CLANG_WARN_BOOL_CONVERSION = YES;
				CLANG_WARN_COMMA = YES;
				CLANG_WARN_CONSTANT_CONVERSION = YES;
				CLANG_WARN_DEPRECATED_OBJC_IMPLEMENTATIONS = YES;
				CLANG_WARN_DIRECT_OBJC_ISA_USAGE = YES_ERROR;
				CLANG_WARN_DOCUMENTATION_COMMENTS = YES;
				CLANG_WARN_EMPTY_BODY = YES;
				CLANG_WARN_ENUM_CONVERSION = YES;
				CLANG_WARN_INFINITE_RECURSION = YES;
				CLANG_WARN_INT_CONVERSION = YES;
				CLANG_WARN_NON_LITERAL_NULL_CONVERSION = YES;
				CLANG_WARN_OBJC_IMPLICIT_RETAIN_SELF = YES;
				CLANG_WARN_OBJC_LITERAL_CONVERSION = YES;
				CLANG_WARN_OBJC_ROOT_CLASS = YES_ERROR;
				CLANG_WARN_RANGE_LOOP_ANALYSIS = YES;
				CLANG_WARN_STRICT_PROTOTYPES = YES;
				CLANG_WARN_SUSPICIOUS_MOVE = YES;
				CLANG_WARN_UNGUARDED_AVAILABILITY = YES_AGGRESSIVE;
				CLANG_WARN_UNREACHABLE_CODE = YES;
				CLANG_WARN__DUPLICATE_METHOD_MATCH = YES;
				CODE_SIGN_IDENTITY = "iPhone Developer";
				COPY_PHASE_STRIP = NO;
				DEBUG_INFORMATION_FORMAT = dwarf;
				ENABLE_STRICT_OBJC_MSGSEND = YES;
				ENABLE_TESTABILITY = YES;
				GCC_C_LANGUAGE_STANDARD = gnu11;
				GCC_DYNAMIC_NO_PIC = NO;
				GCC_NO_COMMON_BLOCKS = YES;
				GCC_OPTIMIZATION_LEVEL = 0;
				GCC_PREPROCESSOR_DEFINITIONS = (
					"DEBUG=1",
					"$(inherited)",
				);
				GCC_WARN_64_TO_32_BIT_CONVERSION = YES;
				GCC_WARN_ABOUT_RETURN_TYPE = YES_ERROR;
				GCC_WARN_UNDECLARED_SELECTOR = YES;
				GCC_WARN_UNINITIALIZED_AUTOS = YES_AGGRESSIVE;
				GCC_WARN_UNUSED_FUNCTION = YES;
				GCC_WARN_UNUSED_VARIABLE = YES;
				IPHONEOS_DEPLOYMENT_TARGET = 11.0;
				MTL_ENABLE_DEBUG_INFO = YES;
				ONLY_ACTIVE_ARCH = YES;
				SDKROOT = iphoneos;
				SWIFT_ACTIVE_COMPILATION_CONDITIONS = DEBUG;
				SWIFT_OPTIMIZATION_LEVEL = "-Onone";
			};
			name = Debug;
		};
		048CC88E2064C1E700D3C6D9 /* Release */ = {
			isa = XCBuildConfiguration;
			buildSettings = {
				ALWAYS_SEARCH_USER_PATHS = NO;
				CLANG_ANALYZER_NONNULL = YES;
				CLANG_ANALYZER_NUMBER_OBJECT_CONVERSION = YES_AGGRESSIVE;
				CLANG_CXX_LANGUAGE_STANDARD = "gnu++14";
				CLANG_CXX_LIBRARY = "libc++";
				CLANG_ENABLE_MODULES = YES;
				CLANG_ENABLE_OBJC_ARC = YES;
				CLANG_WARN_BLOCK_CAPTURE_AUTORELEASING = YES;
				CLANG_WARN_BOOL_CONVERSION = YES;
				CLANG_WARN_COMMA = YES;
				CLANG_WARN_CONSTANT_CONVERSION = YES;
				CLANG_WARN_DEPRECATED_OBJC_IMPLEMENTATIONS = YES;
				CLANG_WARN_DIRECT_OBJC_ISA_USAGE = YES_ERROR;
				CLANG_WARN_DOCUMENTATION_COMMENTS = YES;
				CLANG_WARN_EMPTY_BODY = YES;
				CLANG_WARN_ENUM_CONVERSION = YES;
				CLANG_WARN_INFINITE_RECURSION = YES;
				CLANG_WARN_INT_CONVERSION = YES;
				CLANG_WARN_NON_LITERAL_NULL_CONVERSION = YES;
				CLANG_WARN_OBJC_IMPLICIT_RETAIN_SELF = YES;
				CLANG_WARN_OBJC_LITERAL_CONVERSION = YES;
				CLANG_WARN_OBJC_ROOT_CLASS = YES_ERROR;
				CLANG_WARN_RANGE_LOOP_ANALYSIS = YES;
				CLANG_WARN_STRICT_PROTOTYPES = YES;
				CLANG_WARN_SUSPICIOUS_MOVE = YES;
				CLANG_WARN_UNGUARDED_AVAILABILITY = YES_AGGRESSIVE;
				CLANG_WARN_UNREACHABLE_CODE = YES;
				CLANG_WARN__DUPLICATE_METHOD_MATCH = YES;
				CODE_SIGN_IDENTITY = "iPhone Developer";
				COPY_PHASE_STRIP = NO;
				DEBUG_INFORMATION_FORMAT = "dwarf-with-dsym";
				ENABLE_NS_ASSERTIONS = NO;
				ENABLE_STRICT_OBJC_MSGSEND = YES;
				GCC_C_LANGUAGE_STANDARD = gnu11;
				GCC_NO_COMMON_BLOCKS = YES;
				GCC_WARN_64_TO_32_BIT_CONVERSION = YES;
				GCC_WARN_ABOUT_RETURN_TYPE = YES_ERROR;
				GCC_WARN_UNDECLARED_SELECTOR = YES;
				GCC_WARN_UNINITIALIZED_AUTOS = YES_AGGRESSIVE;
				GCC_WARN_UNUSED_FUNCTION = YES;
				GCC_WARN_UNUSED_VARIABLE = YES;
				IPHONEOS_DEPLOYMENT_TARGET = 11.0;
				MTL_ENABLE_DEBUG_INFO = NO;
				SDKROOT = iphoneos;
				SWIFT_OPTIMIZATION_LEVEL = "-Owholemodule";
				VALIDATE_PRODUCT = YES;
			};
			name = Release;
		};
		048CC8902064C1E700D3C6D9 /* Debug */ = {
			isa = XCBuildConfiguration;
			buildSettings = {
				ASSETCATALOG_COMPILER_APPICON_NAME = AppIcon;
				CODE_SIGN_STYLE = Automatic;
				DEVELOPMENT_TEAM = J7E42WRJMT;
				INFOPLIST_FILE = BullEyeGame/Info.plist;
				LD_RUNPATH_SEARCH_PATHS = "$(inherited) @executable_path/Frameworks";
				PRODUCT_BUNDLE_IDENTIFIER = com.coyotedevstudio.BullEyeGame;
				PRODUCT_NAME = "$(TARGET_NAME)";
				SWIFT_VERSION = 4.0;
				TARGETED_DEVICE_FAMILY = "1,2";
			};
			name = Debug;
		};
		048CC8912064C1E700D3C6D9 /* Release */ = {
			isa = XCBuildConfiguration;
			buildSettings = {
				ASSETCATALOG_COMPILER_APPICON_NAME = AppIcon;
				CODE_SIGN_STYLE = Automatic;
				DEVELOPMENT_TEAM = J7E42WRJMT;
				INFOPLIST_FILE = BullEyeGame/Info.plist;
				LD_RUNPATH_SEARCH_PATHS = "$(inherited) @executable_path/Frameworks";
				PRODUCT_BUNDLE_IDENTIFIER = com.coyotedevstudio.BullEyeGame;
				PRODUCT_NAME = "$(TARGET_NAME)";
				SWIFT_VERSION = 4.0;
				TARGETED_DEVICE_FAMILY = "1,2";
			};
			name = Release;
		};
/* End XCBuildConfiguration section */

/* Begin XCConfigurationList section */
		048CC8782064C1E500D3C6D9 /* Build configuration list for PBXProject "BullEyeGame" */ = {
			isa = XCConfigurationList;
			buildConfigurations = (
				048CC88D2064C1E700D3C6D9 /* Debug */,
				048CC88E2064C1E700D3C6D9 /* Release */,
			);
			defaultConfigurationIsVisible = 0;
			defaultConfigurationName = Release;
		};
		048CC88F2064C1E700D3C6D9 /* Build configuration list for PBXNativeTarget "BullEyeGame" */ = {
			isa = XCConfigurationList;
			buildConfigurations = (
				048CC8902064C1E700D3C6D9 /* Debug */,
				048CC8912064C1E700D3C6D9 /* Release */,
			);
			defaultConfigurationIsVisible = 0;
			defaultConfigurationName = Release;
		};
/* End XCConfigurationList section */
	};
	rootObject = 048CC8752064C1E500D3C6D9 /* Project object */;
}
